github.com/Audyari/go-say-hello v1.0.0 h1:e6OlvvxP62JJkGtqXcD/w8Fnx3nCcyg8aP49I+6QxjY=
github.com/Audyari/go-say-hello v1.0.0/go.mod h1:QeSwFJLNCFEWKF755ahIQ/uXOIq6h1LILCpLrGhE/Dg=
github.com/Audyari/go-say-hello v1.5.0 h1:J95hR40wIdi+x5K9x7h5/04en5TdCJZuDB1B5SMx/4s=
github.com/Audyari/go-say-hello v1.5.0/go.mod h1:QeSwFJLNCFEWKF755ahIQ/uXOIq6h1LILCpLrGhE/Dg=
